
Microsoft Visual Studio Solution File, Format Version 12.00
# Visual Studio Version 16
VisualStudioVersion = 16.0.31911.196
MinimumVisualStudioVersion = 10.0.40219.1
Project("{9A19103F-16F7-4668-BE54-9A1E7A4F7556}") = "DirectId_EOD", "src\Web\DirectId_EOD.csproj", "{E85DD6F2-B9AE-4E09-A1ED-51E53D82589B}"
EndProject
Project("{2150E333-8FDC-42A3-9474-1A3956D46DE8}") = "src", "src", "{6DED542A-AC63-4565-A2B3-099F21E05E4D}"
EndProject
Project("{2150E333-8FDC-42A3-9474-1A3956D46DE8}") = "UI", "UI", "{57F3EF8B-FC3B-4E34-888E-22E9F0D03D6E}"
EndProject
Project("{2150E333-8FDC-42A3-9474-1A3956D46DE8}") = "Infrastructure", "Infrastructure", "{5C1EA39A-1853-43C2-BFD7-6237F2772D94}"
EndProject
Project("{2150E333-8FDC-42A3-9474-1A3956D46DE8}") = "Core", "Core", "{D480DB71-4115-4362-8EA6-59BE17AD351B}"
EndProject
Project("{9A19103F-16F7-4668-BE54-9A1E7A4F7556}") = "Application", "src\Core\Application\Application.csproj", "{47107C6E-03A0-48CF-984A-0FB6D9F62C84}"
EndProject
Project("{9A19103F-16F7-4668-BE54-9A1E7A4F7556}") = "Domain", "src\Core\Domain\Domain.csproj", "{76A4AB6B-7166-4EF7-A2AD-31FFBFF9FB70}"
EndProject
Project("{9A19103F-16F7-4668-BE54-9A1E7A4F7556}") = "Implementation", "src\Infrastructure\Implementation\Implementation.csproj", "{F7BD173A-21E5-42DE-8346-37FF52007F4E}"
EndProject
Project("{9A19103F-16F7-4668-BE54-9A1E7A4F7556}") = "Persistance", "src\Infrastructure\Persistance\Persistance.csproj", "{33483F0D-5E18-4140-8801-946580BA1B17}"
EndProject
Project("{9A19103F-16F7-4668-BE54-9A1E7A4F7556}") = "Shared", "src\Infrastructure\Shared\Shared.csproj", "{04DC139E-585F-4B13-B4D2-37AA60CAD767}"
EndProject
Global
	GlobalSection(SolutionConfigurationPlatforms) = preSolution
		Debug|Any CPU = Debug|Any CPU
		Release|Any CPU = Release|Any CPU
	EndGlobalSection
	GlobalSection(ProjectConfigurationPlatforms) = postSolution
		{E85DD6F2-B9AE-4E09-A1ED-51E53D82589B}.Debug|Any CPU.ActiveCfg = Debug|Any CPU
		{E85DD6F2-B9AE-4E09-A1ED-51E53D82589B}.Debug|Any CPU.Build.0 = Debug|Any CPU
		{E85DD6F2-B9AE-4E09-A1ED-51E53D82589B}.Release|Any CPU.ActiveCfg = Release|Any CPU
		{E85DD6F2-B9AE-4E09-A1ED-51E53D82589B}.Release|Any CPU.Build.0 = Release|Any CPU
		{47107C6E-03A0-48CF-984A-0FB6D9F62C84}.Debug|Any CPU.ActiveCfg = Debug|Any CPU
		{47107C6E-03A0-48CF-984A-0FB6D9F62C84}.Debug|Any CPU.Build.0 = Debug|Any CPU
		{47107C6E-03A0-48CF-984A-0FB6D9F62C84}.Release|Any CPU.ActiveCfg = Release|Any CPU
		{47107C6E-03A0-48CF-984A-0FB6D9F62C84}.Release|Any CPU.Build.0 = Release|Any CPU
		{76A4AB6B-7166-4EF7-A2AD-31FFBFF9FB70}.Debug|Any CPU.ActiveCfg = Debug|Any CPU
		{76A4AB6B-7166-4EF7-A2AD-31FFBFF9FB70}.Debug|Any CPU.Build.0 = Debug|Any CPU
		{76A4AB6B-7166-4EF7-A2AD-31FFBFF9FB70}.Release|Any CPU.ActiveCfg = Release|Any CPU
		{76A4AB6B-7166-4EF7-A2AD-31FFBFF9FB70}.Release|Any CPU.Build.0 = Release|Any CPU
		{F7BD173A-21E5-42DE-8346-37FF52007F4E}.Debug|Any CPU.ActiveCfg = Debug|Any CPU
		{F7BD173A-21E5-42DE-8346-37FF52007F4E}.Debug|Any CPU.Build.0 = Debug|Any CPU
		{F7BD173A-21E5-42DE-8346-37FF52007F4E}.Release|Any CPU.ActiveCfg = Release|Any CPU
		{F7BD173A-21E5-42DE-8346-37FF52007F4E}.Release|Any CPU.Build.0 = Release|Any CPU
		{33483F0D-5E18-4140-8801-946580BA1B17}.Debug|Any CPU.ActiveCfg = Debug|Any CPU
		{33483F0D-5E18-4140-8801-946580BA1B17}.Debug|Any CPU.Build.0 = Debug|Any CPU
		{33483F0D-5E18-4140-8801-946580BA1B17}.Release|Any CPU.ActiveCfg = Release|Any CPU
		{33483F0D-5E18-4140-8801-946580BA1B17}.Release|Any CPU.Build.0 = Release|Any CPU
		{04DC139E-585F-4B13-B4D2-37AA60CAD767}.Debug|Any CPU.ActiveCfg = Debug|Any CPU
		{04DC139E-585F-4B13-B4D2-37AA60CAD767}.Debug|Any CPU.Build.0 = Debug|Any CPU
		{04DC139E-585F-4B13-B4D2-37AA60CAD767}.Release|Any CPU.ActiveCfg = Release|Any CPU
		{04DC139E-585F-4B13-B4D2-37AA60CAD767}.Release|Any CPU.Build.0 = Release|Any CPU
	EndGlobalSection
	GlobalSection(SolutionProperties) = preSolution
		HideSolutionNode = FALSE
	EndGlobalSection
	GlobalSection(NestedProjects) = preSolution
		{E85DD6F2-B9AE-4E09-A1ED-51E53D82589B} = {57F3EF8B-FC3B-4E34-888E-22E9F0D03D6E}
		{57F3EF8B-FC3B-4E34-888E-22E9F0D03D6E} = {6DED542A-AC63-4565-A2B3-099F21E05E4D}
		{5C1EA39A-1853-43C2-BFD7-6237F2772D94} = {6DED542A-AC63-4565-A2B3-099F21E05E4D}
		{D480DB71-4115-4362-8EA6-59BE17AD351B} = {6DED542A-AC63-4565-A2B3-099F21E05E4D}
		{47107C6E-03A0-48CF-984A-0FB6D9F62C84} = {D480DB71-4115-4362-8EA6-59BE17AD351B}
		{76A4AB6B-7166-4EF7-A2AD-31FFBFF9FB70} = {D480DB71-4115-4362-8EA6-59BE17AD351B}
		{F7BD173A-21E5-42DE-8346-37FF52007F4E} = {5C1EA39A-1853-43C2-BFD7-6237F2772D94}
		{33483F0D-5E18-4140-8801-946580BA1B17} = {5C1EA39A-1853-43C2-BFD7-6237F2772D94}
		{04DC139E-585F-4B13-B4D2-37AA60CAD767} = {5C1EA39A-1853-43C2-BFD7-6237F2772D94}
	EndGlobalSection
	GlobalSection(ExtensibilityGlobals) = postSolution
		SolutionGuid = {A620E634-09E5-4E82-91AB-ADDA5D65628C}
	EndGlobalSection
EndGlobal
